
Microsoft Visual Studio Solution File, Format Version 12.00
# Visual Studio 15
VisualStudioVersion = 15.0.26730.15
MinimumVisualStudioVersion = 10.0.40219.1
Project("{FAE04EC0-301F-11D3-BF4B-00C04F79EFBC}") = "StudentAttendanceManagementApi", "StudentAttendanceManagementApi\StudentAttendanceManagementApi.csproj", "{B7885D08-C337-470C-9884-97DDA32B3B18}"
EndProject
Global
	GlobalSection(SolutionConfigurationPlatforms) = preSolution
		Debug|Any CPU = Debug|Any CPU
		Release|Any CPU = Release|Any CPU
	EndGlobalSection
	GlobalSection(ProjectConfigurationPlatforms) = postSolution
		{B7885D08-C337-470C-9884-97DDA32B3B18}.Debug|Any CPU.ActiveCfg = Debug|Any CPU
		{B7885D08-C337-470C-9884-97DDA32B3B18}.Debug|Any CPU.Build.0 = Debug|Any CPU
		{B7885D08-C337-470C-9884-97DDA32B3B18}.Release|Any CPU.ActiveCfg = Release|Any CPU
		{B7885D08-C337-470C-9884-97DDA32B3B18}.Release|Any CPU.Build.0 = Release|Any CPU
	EndGlobalSection
	GlobalSection(SolutionProperties) = preSolution
		HideSolutionNode = FALSE
	EndGlobalSection
	GlobalSection(ExtensibilityGlobals) = postSolution
		SolutionGuid = {14CD5D29-CBFA-4CE1-8AAC-3921D29F7AC4}
	EndGlobalSection
EndGlobal
